
Microsoft Visual Studio Solution File, Format Version 12.00
# Visual Studio Version 17
VisualStudioVersion = 17.6.33829.357
MinimumVisualStudioVersion = 10.0.40219.1
Project("{FAE04EC0-301F-11D3-BF4B-00C04F79EFBC}") = "ExcelReader", "ExcelReader\ExcelReader.csproj", "{4A76A085-510B-400B-A590-15AEE2C72581}"
EndProject
Project("{2150E333-8FDC-42A3-9474-1A3956D46DE8}") = "Projektmappenelemente", "Projektmappenelemente", "{C39483AF-2F14-4467-B62F-4BDBBDF53D2B}"
EndProject
Global
	GlobalSection(SolutionConfigurationPlatforms) = preSolution
		Debug|Any CPU = Debug|Any CPU
		Release|Any CPU = Release|Any CPU
	EndGlobalSection
	GlobalSection(ProjectConfigurationPlatforms) = postSolution
		{4A76A085-510B-400B-A590-15AEE2C72581}.Debug|Any CPU.ActiveCfg = Debug|Any CPU
		{4A76A085-510B-400B-A590-15AEE2C72581}.Debug|Any CPU.Build.0 = Debug|Any CPU
		{4A76A085-510B-400B-A590-15AEE2C72581}.Release|Any CPU.ActiveCfg = Release|Any CPU
		{4A76A085-510B-400B-A590-15AEE2C72581}.Release|Any CPU.Build.0 = Release|Any CPU
	EndGlobalSection
	GlobalSection(SolutionProperties) = preSolution
		HideSolutionNode = FALSE
	EndGlobalSection
	GlobalSection(ExtensibilityGlobals) = postSolution
		SolutionGuid = {B7CF4394-B9E5-4C33-9EFB-588236750183}
	EndGlobalSection
EndGlobal
